
Microsoft Visual Studio Solution File, Format Version 12.00
# Visual Studio 15
VisualStudioVersion = 15.0.27004.2005
MinimumVisualStudioVersion = 10.0.40219.1
Project("{FAE04EC0-301F-11D3-BF4B-00C04F79EFBC}") = "ServiceOnset", "ServiceOnset\ServiceOnset.csproj", "{EAB17BDC-DA14-4C48-9328-812DADB0B89F}"
EndProject
Project("{2150E333-8FDC-42A3-9474-1A3956D46DE8}") = "Others", "Others", "{190C38B8-D107-4891-B047-7F40F4DF4AD4}"
	ProjectSection(SolutionItems) = preProject
		LICENSE = LICENSE
		README.md = README.md
	EndProjectSection
EndProject
Global
	GlobalSection(SolutionConfigurationPlatforms) = preSolution
		Debug|Any CPU = Debug|Any CPU
		Release|Any CPU = Release|Any CPU
	EndGlobalSection
	GlobalSection(ProjectConfigurationPlatforms) = postSolution
		{EAB17BDC-DA14-4C48-9328-812DADB0B89F}.Debug|Any CPU.ActiveCfg = Debug|Any CPU
		{EAB17BDC-DA14-4C48-9328-812DADB0B89F}.Debug|Any CPU.Build.0 = Debug|Any CPU
		{EAB17BDC-DA14-4C48-9328-812DADB0B89F}.Release|Any CPU.ActiveCfg = Release|Any CPU
		{EAB17BDC-DA14-4C48-9328-812DADB0B89F}.Release|Any CPU.Build.0 = Release|Any CPU
	EndGlobalSection
	GlobalSection(SolutionProperties) = preSolution
		HideSolutionNode = FALSE
	EndGlobalSection
	GlobalSection(ExtensibilityGlobals) = postSolution
		SolutionGuid = {B9AE36C3-DCC5-4677-B28F-0386CFF19C6D}
	EndGlobalSection
EndGlobal
