
Microsoft Visual Studio Solution File, Format Version 12.00
# Visual Studio 2013
VisualStudioVersion = 12.0.21005.1
MinimumVisualStudioVersion = 10.0.40219.1
Project("{FAE04EC0-301F-11D3-BF4B-00C04F79EFBC}") = "ServiceOnset", "ServiceOnset\ServiceOnset.csproj", "{EAB17BDC-DA14-4C48-9328-812DADB0B89F}"
EndProject
Project("{2150E333-8FDC-42A3-9474-1A3956D46DE8}") = "Others", "Others", "{190C38B8-D107-4891-B047-7F40F4DF4AD4}"
	ProjectSection(SolutionItems) = preProject
		LICENSE = LICENSE
		README.md = README.md
	EndProjectSection
EndProject
Project("{FAE04EC0-301F-11D3-BF4B-00C04F79EFBC}") = "mywin", "mywin\mywin.csproj", "{541C06D7-5C8B-4E2A-BC72-B5B7F56D81FD}"
EndProject
Project("{FAE04EC0-301F-11D3-BF4B-00C04F79EFBC}") = "TestApp", "TestApp\TestApp.csproj", "{EE7D65F1-9B26-4AEC-BB4F-5835A4538F06}"
EndProject
Global
	GlobalSection(SolutionConfigurationPlatforms) = preSolution
		Debug|Any CPU = Debug|Any CPU
		Release|Any CPU = Release|Any CPU
	EndGlobalSection
	GlobalSection(ProjectConfigurationPlatforms) = postSolution
		{EAB17BDC-DA14-4C48-9328-812DADB0B89F}.Debug|Any CPU.ActiveCfg = Debug|Any CPU
		{EAB17BDC-DA14-4C48-9328-812DADB0B89F}.Debug|Any CPU.Build.0 = Debug|Any CPU
		{EAB17BDC-DA14-4C48-9328-812DADB0B89F}.Release|Any CPU.ActiveCfg = Release|Any CPU
		{EAB17BDC-DA14-4C48-9328-812DADB0B89F}.Release|Any CPU.Build.0 = Release|Any CPU
		{541C06D7-5C8B-4E2A-BC72-B5B7F56D81FD}.Debug|Any CPU.ActiveCfg = Debug|Any CPU
		{541C06D7-5C8B-4E2A-BC72-B5B7F56D81FD}.Debug|Any CPU.Build.0 = Debug|Any CPU
		{541C06D7-5C8B-4E2A-BC72-B5B7F56D81FD}.Release|Any CPU.ActiveCfg = Release|Any CPU
		{541C06D7-5C8B-4E2A-BC72-B5B7F56D81FD}.Release|Any CPU.Build.0 = Release|Any CPU
		{EE7D65F1-9B26-4AEC-BB4F-5835A4538F06}.Debug|Any CPU.ActiveCfg = Debug|Any CPU
		{EE7D65F1-9B26-4AEC-BB4F-5835A4538F06}.Debug|Any CPU.Build.0 = Debug|Any CPU
		{EE7D65F1-9B26-4AEC-BB4F-5835A4538F06}.Release|Any CPU.ActiveCfg = Release|Any CPU
		{EE7D65F1-9B26-4AEC-BB4F-5835A4538F06}.Release|Any CPU.Build.0 = Release|Any CPU
	EndGlobalSection
	GlobalSection(SolutionProperties) = preSolution
		HideSolutionNode = FALSE
	EndGlobalSection
	GlobalSection(NestedProjects) = preSolution
		{541C06D7-5C8B-4E2A-BC72-B5B7F56D81FD} = {190C38B8-D107-4891-B047-7F40F4DF4AD4}
		{EE7D65F1-9B26-4AEC-BB4F-5835A4538F06} = {190C38B8-D107-4891-B047-7F40F4DF4AD4}
	EndGlobalSection
EndGlobal
